
Microsoft Visual Studio Solution File, Format Version 12.00
# Visual Studio Version 17
VisualStudioVersion = 17.5.002.0
MinimumVisualStudioVersion = 10.0.40219.1
Project("{9A19103F-16F7-4668-BE54-9A1E7A4F7556}") = "EventDemo", "EventDemo.csproj", "{19ED7149-D03F-415E-BE63-82765B40D00A}"
EndProject
Global
	GlobalSection(SolutionConfigurationPlatforms) = preSolution
		Debug|Any CPU = Debug|Any CPU
		Release|Any CPU = Release|Any CPU
	EndGlobalSection
	GlobalSection(ProjectConfigurationPlatforms) = postSolution
		{19ED7149-D03F-415E-BE63-82765B40D00A}.Debug|Any CPU.ActiveCfg = Debug|Any CPU
		{19ED7149-D03F-415E-BE63-82765B40D00A}.Debug|Any CPU.Build.0 = Debug|Any CPU
		{19ED7149-D03F-415E-BE63-82765B40D00A}.Release|Any CPU.ActiveCfg = Release|Any CPU
		{19ED7149-D03F-415E-BE63-82765B40D00A}.Release|Any CPU.Build.0 = Release|Any CPU
	EndGlobalSection
	GlobalSection(SolutionProperties) = preSolution
		HideSolutionNode = FALSE
	EndGlobalSection
	GlobalSection(ExtensibilityGlobals) = postSolution
		SolutionGuid = {DED3DA2F-5E47-4028-A83E-D10016089A6B}
	EndGlobalSection
EndGlobal
